
Microsoft Visual Studio Solution File, Format Version 12.00
# Visual Studio Version 17
VisualStudioVersion = 17.1.32328.378
MinimumVisualStudioVersion = 10.0.40219.1
Project("{FAE04EC0-301F-11D3-BF4B-00C04F79EFBC}") = "AndreFirstMVC", "AndreFirstMVC\AndreFirstMVC.csproj", "{0EFAF19C-90A7-4A72-9CBC-A52C88F054C0}"
EndProject
Global
	GlobalSection(SolutionConfigurationPlatforms) = preSolution
		Debug|Any CPU = Debug|Any CPU
		Release|Any CPU = Release|Any CPU
	EndGlobalSection
	GlobalSection(ProjectConfigurationPlatforms) = postSolution
		{0EFAF19C-90A7-4A72-9CBC-A52C88F054C0}.Debug|Any CPU.ActiveCfg = Debug|Any CPU
		{0EFAF19C-90A7-4A72-9CBC-A52C88F054C0}.Debug|Any CPU.Build.0 = Debug|Any CPU
		{0EFAF19C-90A7-4A72-9CBC-A52C88F054C0}.Release|Any CPU.ActiveCfg = Release|Any CPU
		{0EFAF19C-90A7-4A72-9CBC-A52C88F054C0}.Release|Any CPU.Build.0 = Release|Any CPU
	EndGlobalSection
	GlobalSection(SolutionProperties) = preSolution
		HideSolutionNode = FALSE
	EndGlobalSection
	GlobalSection(ExtensibilityGlobals) = postSolution
		SolutionGuid = {106B230D-0E4F-46F3-BAB5-F64847A5D448}
	EndGlobalSection
EndGlobal
